version = 1
revision = 3
requires-python = "==3.13.*"

[[package]]
name = "bottleneck"
version = "1.6.0"
source = { registry = "https://pypi.org/simple" }
dependencies = [
    { name = "numpy" },
]
sdist = { url = "https://files.pythonhosted.org/packages/14/d8/6d641573e210768816023a64966d66463f2ce9fc9945fa03290c8a18f87c/bottleneck-1.6.0.tar.gz", hash = "sha256:028d46ee4b025ad9ab4d79924113816f825f62b17b87c9e1d0d8ce144a4a0e31", size = 104311, upload-time = "2025-09-08T16:30:38.617Z" }
wheels = [
    { url = "https://files.pythonhosted.org/packages/97/1a/e117cd5ff7056126d3291deb29ac8066476e60b852555b95beb3fc9d62a0/bottleneck-1.6.0-cp313-cp313-macosx_11_0_arm64.whl", hash = "sha256:d015de414ca016ebe56440bdf5d3d1204085080527a3c51f5b7b7a3e704fe6fd", size = 100521, upload-time = "2025-09-08T16:30:03.89Z" },
    { url = "https://files.pythonhosted.org/packages/bd/22/05555a9752357e24caa1cd92324d1a7fdde6386aab162fcc451f8f8eedc2/bottleneck-1.6.0-cp313-cp313-manylinux1_x86_64.manylinux_2_28_x86_64.manylinux_2_5_x86_64.whl", hash = "sha256:456757c9525b0b12356f472e38020ed4b76b18375fd76e055f8d33fb62956f5e", size = 377719, upload-time = "2025-09-08T16:30:05.135Z" },
    { url = "https://files.pythonhosted.org/packages/11/ee/76593af47097d9633109bed04dbcf2170707dd84313ca29f436f9234bc51/bottleneck-1.6.0-cp313-cp313-manylinux2014_aarch64.manylinux_2_17_aarch64.manylinux_2_28_aarch64.whl", hash = "sha256:1c65254d51b6063c55f6272f175e867e2078342ae75f74be29d6612e9627b2c0", size = 368577, upload-time = "2025-09-08T16:30:06.387Z" },
    { url = "https://files.pythonhosted.org/packages/f9/f7/4dcacaf637d2b8d89ea746c74159adda43858d47358978880614c3fa4391/bottleneck-1.6.0-cp313-cp313-musllinux_1_2_aarch64.whl", hash = "sha256:a172322895fbb79c6127474f1b0db0866895f0b804a18d5c6b841fea093927fe", size = 361441, upload-time = "2025-09-08T16:30:07.613Z" },
    { url = "https://files.pythonhosted.org/packages/05/34/21eb1eb1c42cb7be2872d0647c292fc75768d14e1f0db66bf907b24b2464/bottleneck-1.6.0-cp313-cp313-musllinux_1_2_x86_64.whl", hash = "sha256:d5e81b642eb0d5a5bf00312598d7ed142d389728b694322a118c26813f3d1fa9", size = 373416, upload-time = "2025-09-08T16:30:08.899Z" },
    { url = "https://files.pythonhosted.org/packages/48/cb/7957ff40367a151139b5f1854616bf92e578f10804d226fbcdecfd73aead/bottleneck-1.6.0-cp313-cp313-win32.whl", hash = "sha256:543d3a89d22880cd322e44caff859af6c0489657bf9897977d1f5d3d3f77299c", size = 108029, upload-time = "2025-09-08T16:30:09.909Z" },
    { url = "https://files.pythonhosted.org/packages/90/a8/735df4156fa5595501d5d96a6ee102f49c13d2ce9e2a287ad51806bc3ba0/bottleneck-1.6.0-cp313-cp313-win_amd64.whl", hash = "sha256:48a44307d604ceb81e256903e5d57d3adb96a461b1d3c6a69baa2c67e823bd36", size = 113497, upload-time = "2025-09-08T16:30:10.82Z" },
    { url = "https://files.pythonhosted.org/packages/c7/5c/8c1260df8ade7cebc2a8af513a27082b5e36aa4a5fb762d56ea6d969d893/bottleneck-1.6.0-cp313-cp313t-macosx_11_0_arm64.whl", hash = "sha256:547e6715115867c4657c9ae8cc5ddac1fec8fdad66690be3a322a7488721b06b", size = 101606, upload-time = "2025-09-08T16:30:11.935Z" },
    { url = "https://files.pythonhosted.org/packages/ce/ea/f03e2944e91ee962922c834ed21e5be6d067c8395681f5dc6c67a0a26853/bottleneck-1.6.0-cp313-cp313t-manylinux1_x86_64.manylinux_2_28_x86_64.manylinux_2_5_x86_64.whl", hash = "sha256:5e4a4a6e05b6f014c307969129e10d1a0afd18f3a2c127b085532a4a76677aef", size = 391804, upload-time = "2025-09-08T16:30:13.13Z" },
    { url = "https://files.pythonhosted.org/packages/0b/58/2b356b8a81eb97637dccee6cf58237198dd828890e38be9afb4e5e58e38e/bottleneck-1.6.0-cp313-cp313t-manylinux2014_aarch64.manylinux_2_17_aarch64.manylinux_2_28_aarch64.whl", hash = "sha256:2baae0d1589b4a520b2f9cf03528c0c8b20717b3f05675e212ec2200cf628f12", size = 383443, upload-time = "2025-09-08T16:30:14.318Z" },
    { url = "https://files.pythonhosted.org/packages/55/52/cf7d09ed3736ad0d50c624787f9b580ae3206494d95cc0f4814b93eef728/bottleneck-1.6.0-cp313-cp313t-musllinux_1_2_aarch64.whl", hash = "sha256:2e407139b322f01d8d5b6b2e8091b810f48a25c7fa5c678cfcdc420dfe8aea0a", size = 375458, upload-time = "2025-09-08T16:30:15.379Z" },
    { url = "https://files.pythonhosted.org/packages/c4/e9/7c87a34a24e339860064f20fac49f6738e94f1717bc8726b9c47705601d8/bottleneck-1.6.0-cp313-cp313t-musllinux_1_2_x86_64.whl", hash = "sha256:1adefb89b92aba6de9c6ea871d99bcd29d519f4fb012cc5197917813b4fc2c7f", size = 386384, upload-time = "2025-09-08T16:30:17.012Z" },
    { url = "https://files.pythonhosted.org/packages/59/57/db51855e18a47671801180be748939b4c9422a0544849af1919116346b5f/bottleneck-1.6.0-cp313-cp313t-win32.whl", hash = "sha256:64b8690393494074923780f6abdf5f5577d844b9d9689725d1575a936e74e5f0", size = 109448, upload-time = "2025-09-08T16:30:18.076Z" },
    { url = "https://files.pythonhosted.org/packages/bd/1e/683c090b624f13a5bf88a0be2241dc301e98b2fb72a45812a7ae6e456cc4/bottleneck-1.6.0-cp313-cp313t-win_amd64.whl", hash = "sha256:cb67247f65dcdf62af947c76c6c8b77d9f0ead442cac0edbaa17850d6da4e48d", size = 115190, upload-time = "2025-09-08T16:30:19.106Z" },
]

[[package]]
name = "colorama"
version = "0.4.6"
source = { registry = "https://pypi.org/simple" }
sdist = { url = "https://files.pythonhosted.org/packages/d8/53/6f443c9a4a8358a93a6792e2acffb9d9d5cb0a5cfd8802644b7b1c9a02e4/colorama-0.4.6.tar.gz", hash = "sha256:08695f5cb7ed6e0531a20572697297273c47b8cae5a63ffc6d6ed5c201be6e44", size = 27697, upload-time = "2022-10-25T02:36:22.414Z" }
wheels = [
    { url = "https://files.pythonhosted.org/packages/d1/d6/3965ed04c63042e047cb6a3e6ed1a63a35087b6a609aa3a15ed8ac56c221/colorama-0.4.6-py2.py3-none-any.whl", hash = "sha256:4f1d9991f5acc0ca119f9d443620b77f9d6b33703e51011c16baf57afb285fc6", size = 25335, upload-time = "2022-10-25T02:36:20.889Z" },
]

[[package]]
name = "coverage"
version = "7.12.0"
source = { registry = "https://pypi.org/simple" }
sdist = { url = "https://files.pythonhosted.org/packages/89/26/4a96807b193b011588099c3b5c89fbb05294e5b90e71018e065465f34eb6/coverage-7.12.0.tar.gz", hash = "sha256:fc11e0a4e372cb5f282f16ef90d4a585034050ccda536451901abfb19a57f40c", size = 819341, upload-time = "2025-11-18T13:34:20.766Z" }
wheels = [
    { url = "https://files.pythonhosted.org/packages/b8/14/771700b4048774e48d2c54ed0c674273702713c9ee7acdfede40c2666747/coverage-7.12.0-cp313-cp313-macosx_10_13_x86_64.whl", hash = "sha256:47324fffca8d8eae7e185b5bb20c14645f23350f870c1649003618ea91a78941", size = 217725, upload-time = "2025-11-18T13:32:49.22Z" },
    { url = "https://files.pythonhosted.org/packages/17/a7/3aa4144d3bcb719bf67b22d2d51c2d577bf801498c13cb08f64173e80497/coverage-7.12.0-cp313-cp313-macosx_11_0_arm64.whl", hash = "sha256:ccf3b2ede91decd2fb53ec73c1f949c3e034129d1e0b07798ff1d02ea0c8fa4a", size = 218098, upload-time = "2025-11-18T13:32:50.78Z" },
    { url = "https://files.pythonhosted.org/packages/fc/9c/b846bbc774ff81091a12a10203e70562c91ae71badda00c5ae5b613527b1/coverage-7.12.0-cp313-cp313-manylinux1_i686.manylinux_2_28_i686.manylinux_2_5_i686.whl", hash = "sha256:b365adc70a6936c6b0582dc38746b33b2454148c02349345412c6e743efb646d", size = 249093, upload-time = "2025-11-18T13:32:52.554Z" },
    { url = "https://files.pythonhosted.org/packages/76/b6/67d7c0e1f400b32c883e9342de4a8c2ae7c1a0b57c5de87622b7262e2309/coverage-7.12.0-cp313-cp313-manylinux1_x86_64.manylinux_2_28_x86_64.manylinux_2_5_x86_64.whl", hash = "sha256:bc13baf85cd8a4cfcf4a35c7bc9d795837ad809775f782f697bf630b7e200211", size = 251686, upload-time = "2025-11-18T13:32:54.862Z" },
    { url = "https://files.pythonhosted.org/packages/cc/75/b095bd4b39d49c3be4bffbb3135fea18a99a431c52dd7513637c0762fecb/coverage-7.12.0-cp313-cp313-manylinux2014_aarch64.manylinux_2_17_aarch64.manylinux_2_28_aarch64.whl", hash = "sha256:099d11698385d572ceafb3288a5b80fe1fc58bf665b3f9d362389de488361d3d", size = 252930, upload-time = "2025-11-18T13:32:56.417Z" },
    { url = "https://files.pythonhosted.org/packages/6e/f3/466f63015c7c80550bead3093aacabf5380c1220a2a93c35d374cae8f762/coverage-7.12.0-cp313-cp313-manylinux_2_31_riscv64.manylinux_2_39_riscv64.whl", hash = "sha256:473dc45d69694069adb7680c405fb1e81f60b2aff42c81e2f2c3feaf544d878c", size = 249296, upload-time = "2025-11-18T13:32:58.074Z" },
    { url = "https://files.pythonhosted.org/packages/27/86/eba2209bf2b7e28c68698fc13437519a295b2d228ba9e0ec91673e09fa92/coverage-7.12.0-cp313-cp313-musllinux_1_2_aarch64.whl", hash = "sha256:583f9adbefd278e9de33c33d6846aa8f5d164fa49b47144180a0e037f0688bb9", size = 251068, upload-time = "2025-11-18T13:32:59.646Z" },
    { url = "https://files.pythonhosted.org/packages/ec/55/ca8ae7dbba962a3351f18940b359b94c6bafdd7757945fdc79ec9e452dc7/coverage-7.12.0-cp313-cp313-musllinux_1_2_i686.whl", hash = "sha256:b2089cc445f2dc0af6f801f0d1355c025b76c24481935303cf1af28f636688f0", size = 249034, upload-time = "2025-11-18T13:33:01.481Z" },
    { url = "https://files.pythonhosted.org/packages/7a/d7/39136149325cad92d420b023b5fd900dabdd1c3a0d1d5f148ef4a8cedef5/coverage-7.12.0-cp313-cp313-musllinux_1_2_riscv64.whl", hash = "sha256:950411f1eb5d579999c5f66c62a40961f126fc71e5e14419f004471957b51508", size = 248853, upload-time = "2025-11-18T13:33:02.935Z" },
    { url = "https://files.pythonhosted.org/packages/fe/b6/76e1add8b87ef60e00643b0b7f8f7bb73d4bf5249a3be19ebefc5793dd25/coverage-7.12.0-cp313-cp313-musllinux_1_2_x86_64.whl", hash = "sha256:b1aab7302a87bafebfe76b12af681b56ff446dc6f32ed178ff9c092ca776e6bc", size = 250619, upload-time = "2025-11-18T13:33:04.336Z" },
    { url = "https://files.pythonhosted.org/packages/95/87/924c6dc64f9203f7a3c1832a6a0eee5a8335dbe5f1bdadcc278d6f1b4d74/coverage-7.12.0-cp313-cp313-win32.whl", hash = "sha256:d7e0d0303c13b54db495eb636bc2465b2fb8475d4c8bcec8fe4b5ca454dfbae8", size = 220261, upload-time = "2025-11-18T13:33:06.493Z" },
    { url = "https://files.pythonhosted.org/packages/91/77/dd4aff9af16ff776bf355a24d87eeb48fc6acde54c907cc1ea89b14a8804/coverage-7.12.0-cp313-cp313-win_amd64.whl", hash = "sha256:ce61969812d6a98a981d147d9ac583a36ac7db7766f2e64a9d4d059c2fe29d07", size = 221072, upload-time = "2025-11-18T13:33:07.926Z" },
    { url = "https://files.pythonhosted.org/packages/70/49/5c9dc46205fef31b1b226a6e16513193715290584317fd4df91cdaf28b22/coverage-7.12.0-cp313-cp313-win_arm64.whl", hash = "sha256:bcec6f47e4cb8a4c2dc91ce507f6eefc6a1b10f58df32cdc61dff65455031dfc", size = 219702, upload-time = "2025-11-18T13:33:09.631Z" },
    { url = "https://files.pythonhosted.org/packages/9b/62/f87922641c7198667994dd472a91e1d9b829c95d6c29529ceb52132436ad/coverage-7.12.0-cp313-cp313t-macosx_10_13_x86_64.whl", hash = "sha256:459443346509476170d553035e4a3eed7b860f4fe5242f02de1010501956ce87", size = 218420, upload-time = "2025-11-18T13:33:11.153Z" },
    { url = "https://files.pythonhosted.org/packages/85/dd/1cc13b2395ef15dbb27d7370a2509b4aee77890a464fb35d72d428f84871/coverage-7.12.0-cp313-cp313t-macosx_11_0_arm64.whl", hash = "sha256:04a79245ab2b7a61688958f7a855275997134bc84f4a03bc240cf64ff132abf6", size = 218773, upload-time = "2025-11-18T13:33:12.569Z" },
    { url = "https://files.pythonhosted.org/packages/74/40/35773cc4bb1e9d4658d4fb669eb4195b3151bef3bbd6f866aba5cd5dac82/coverage-7.12.0-cp313-cp313t-manylinux1_i686.manylinux_2_28_i686.manylinux_2_5_i686.whl", hash = "sha256:09a86acaaa8455f13d6a99221d9654df249b33937b4e212b4e5a822065f12aa7", size = 260078, upload-time = "2025-11-18T13:33:14.037Z" },
    { url = "https://files.pythonhosted.org/packages/ec/ee/231bb1a6ffc2905e396557585ebc6bdc559e7c66708376d245a1f1d330fc/coverage-7.12.0-cp313-cp313t-manylinux1_x86_64.manylinux_2_28_x86_64.manylinux_2_5_x86_64.whl", hash = "sha256:907e0df1b71ba77463687a74149c6122c3f6aac56c2510a5d906b2f368208560", size = 262144, upload-time = "2025-11-18T13:33:15.601Z" },
    { url = "https://files.pythonhosted.org/packages/28/be/32f4aa9f3bf0b56f3971001b56508352c7753915345d45fab4296a986f01/coverage-7.12.0-cp313-cp313t-manylinux2014_aarch64.manylinux_2_17_aarch64.manylinux_2_28_aarch64.whl", hash = "sha256:9b57e2d0ddd5f0582bae5437c04ee71c46cd908e7bc5d4d0391f9a41e812dd12", size = 264574, upload-time = "2025-11-18T13:33:17.354Z" },
    { url = "https://files.pythonhosted.org/packages/68/7c/00489fcbc2245d13ab12189b977e0cf06ff3351cb98bc6beba8bd68c5902/coverage-7.12.0-cp313-cp313t-manylinux_2_31_riscv64.manylinux_2_39_riscv64.whl", hash = "sha256:58c1c6aa677f3a1411fe6fb28ec3a942e4f665df036a3608816e0847fad23296", size = 259298, upload-time = "2025-11-18T13:33:18.958Z" },
    { url = "https://files.pythonhosted.org/packages/96/b4/f0760d65d56c3bea95b449e02570d4abd2549dc784bf39a2d4721a2d8ceb/coverage-7.12.0-cp313-cp313t-musllinux_1_2_aarch64.whl", hash = "sha256:4c589361263ab2953e3c4cd2a94db94c4ad4a8e572776ecfbad2389c626e4507", size = 262150, upload-time = "2025-11-18T13:33:20.644Z" },
    { url = "https://files.pythonhosted.org/packages/c5/71/9a9314df00f9326d78c1e5a910f520d599205907432d90d1c1b7a97aa4b1/coverage-7.12.0-cp313-cp313t-musllinux_1_2_i686.whl", hash = "sha256:91b810a163ccad2e43b1faa11d70d3cf4b6f3d83f9fd5f2df82a32d47b648e0d", size = 259763, upload-time = "2025-11-18T13:33:22.189Z" },
    { url = "https://files.pythonhosted.org/packages/10/34/01a0aceed13fbdf925876b9a15d50862eb8845454301fe3cdd1df08b2182/coverage-7.12.0-cp313-cp313t-musllinux_1_2_riscv64.whl", hash = "sha256:40c867af715f22592e0d0fb533a33a71ec9e0f73a6945f722a0c85c8c1cbe3a2", size = 258653, upload-time = "2025-11-18T13:33:24.239Z" },
    { url = "https://files.pythonhosted.org/packages/8d/04/81d8fd64928acf1574bbb0181f66901c6c1c6279c8ccf5f84259d2c68ae9/coverage-7.12.0-cp313-cp313t-musllinux_1_2_x86_64.whl", hash = "sha256:68b0d0a2d84f333de875666259dadf28cc67858bc8fd8b3f1eae84d3c2bec455", size = 260856, upload-time = "2025-11-18T13:33:26.365Z" },
    { url = "https://files.pythonhosted.org/packages/f2/76/fa2a37bfaeaf1f766a2d2360a25a5297d4fb567098112f6517475eee120b/coverage-7.12.0-cp313-cp313t-win32.whl", hash = "sha256:73f9e7fbd51a221818fd11b7090eaa835a353ddd59c236c57b2199486b116c6d", size = 220936, upload-time = "2025-11-18T13:33:28.165Z" },
    { url = "https://files.pythonhosted.org/packages/f9/52/60f64d932d555102611c366afb0eb434b34266b1d9266fc2fe18ab641c47/coverage-7.12.0-cp313-cp313t-win_amd64.whl", hash = "sha256:24cff9d1f5743f67db7ba46ff284018a6e9aeb649b67aa1e70c396aa1b7cb23c", size = 222001, upload-time = "2025-11-18T13:33:29.656Z" },
    { url = "https://files.pythonhosted.org/packages/77/df/c303164154a5a3aea7472bf323b7c857fed93b26618ed9fc5c2955566bb0/coverage-7.12.0-cp313-cp313t-win_arm64.whl", hash = "sha256:c87395744f5c77c866d0f5a43d97cc39e17c7f1cb0115e54a2fe67ca75c5d14d", size = 220273, upload-time = "2025-11-18T13:33:31.415Z" },
    { url = "https://files.pythonhosted.org/packages/ce/a3/43b749004e3c09452e39bb56347a008f0a0668aad37324a99b5c8ca91d9e/coverage-7.12.0-py3-none-any.whl", hash = "sha256:159d50c0b12e060b15ed3d39f87ed43d4f7f7ad40b8a534f4dd331adbb51104a", size = 209503, upload-time = "2025-11-18T13:34:18.892Z" },
]

[[package]]
name = "iniconfig"
version = "2.3.0"
source = { registry = "https://pypi.org/simple" }
sdist = { url = "https://files.pythonhosted.org/packages/72/34/14ca021ce8e5dfedc35312d08ba8bf51fdd999c576889fc2c24cb97f4f10/iniconfig-2.3.0.tar.gz", hash = "sha256:c76315c77db068650d49c5b56314774a7804df16fee4402c1f19d6d15d8c4730", size = 20503, upload-time = "2025-10-18T21:55:43.219Z" }
wheels = [
    { url = "https://files.pythonhosted.org/packages/cb/b1/3846dd7f199d53cb17f49cba7e651e9ce294d8497c8c150530ed11865bb8/iniconfig-2.3.0-py3-none-any.whl", hash = "sha256:f631c04d2c48c52b84d0d0549c99ff3859c98df65b3101406327ecc7d53fbf12", size = 7484, upload-time = "2025-10-18T21:55:41.639Z" },
]

[[package]]
name = "llvmlite"
version = "0.45.1"
source = { registry = "https://pypi.org/simple" }
sdist = { url = "https://files.pythonhosted.org/packages/99/8d/5baf1cef7f9c084fb35a8afbde88074f0d6a727bc63ef764fe0e7543ba40/llvmlite-0.45.1.tar.gz", hash = "sha256:09430bb9d0bb58fc45a45a57c7eae912850bedc095cd0810a57de109c69e1c32", size = 185600, upload-time = "2025-10-01T17:59:52.046Z" }
wheels = [
    { url = "https://files.pythonhosted.org/packages/1d/e2/c185bb7e88514d5025f93c6c4092f6120c6cea8fe938974ec9860fb03bbb/llvmlite-0.45.1-cp313-cp313-macosx_10_15_x86_64.whl", hash = "sha256:d9ea9e6f17569a4253515cc01dade70aba536476e3d750b2e18d81d7e670eb15", size = 43043524, upload-time = "2025-10-01T18:03:43.249Z" },
    { url = "https://files.pythonhosted.org/packages/09/b8/b5437b9ecb2064e89ccf67dccae0d02cd38911705112dd0dcbfa9cd9a9de/llvmlite-0.45.1-cp313-cp313-macosx_12_0_arm64.whl", hash = "sha256:c9f3cadee1630ce4ac18ea38adebf2a4f57a89bd2740ce83746876797f6e0bfb", size = 37253121, upload-time = "2025-10-01T18:04:30.557Z" },
    { url = "https://files.pythonhosted.org/packages/f7/97/ad1a907c0173a90dd4df7228f24a3ec61058bc1a9ff8a0caec20a0cc622e/llvmlite-0.45.1-cp313-cp313-manylinux2014_x86_64.manylinux_2_17_x86_64.whl", hash = "sha256:57c48bf2e1083eedbc9406fb83c4e6483017879714916fe8be8a72a9672c995a", size = 56288210, upload-time = "2025-10-01T18:01:40.26Z" },
    { url = "https://files.pythonhosted.org/packages/32/d8/c99c8ac7a326e9735401ead3116f7685a7ec652691aeb2615aa732b1fc4a/llvmlite-0.45.1-cp313-cp313-manylinux_2_27_aarch64.manylinux_2_28_aarch64.whl", hash = "sha256:3aa3dfceda4219ae39cf18806c60eeb518c1680ff834b8b311bd784160b9ce40", size = 55140957, upload-time = "2025-10-01T18:02:46.244Z" },
    { url = "https://files.pythonhosted.org/packages/09/56/ed35668130e32dbfad2eb37356793b0a95f23494ab5be7d9bf5cb75850ee/llvmlite-0.45.1-cp313-cp313-win_amd64.whl", hash = "sha256:080e6f8d0778a8239cd47686d402cb66eb165e421efa9391366a9b7e5810a38b", size = 38132232, upload-time = "2025-10-01T18:05:14.477Z" },
]

[[package]]
name = "markdown-it-py"
version = "4.0.0"
source = { registry = "https://pypi.org/simple" }
dependencies = [
    { name = "mdurl" },
]
sdist = { url = "https://files.pythonhosted.org/packages/5b/f5/4ec618ed16cc4f8fb3b701563655a69816155e79e24a17b651541804721d/markdown_it_py-4.0.0.tar.gz", hash = "sha256:cb0a2b4aa34f932c007117b194e945bd74e0ec24133ceb5bac59009cda1cb9f3", size = 73070, upload-time = "2025-08-11T12:57:52.854Z" }
wheels = [
    { url = "https://files.pythonhosted.org/packages/94/54/e7d793b573f298e1c9013b8c4dade17d481164aa517d1d7148619c2cedbf/markdown_it_py-4.0.0-py3-none-any.whl", hash = "sha256:87327c59b172c5011896038353a81343b6754500a08cd7a4973bb48c6d578147", size = 87321, upload-time = "2025-08-11T12:57:51.923Z" },
]

[[package]]
name = "mdurl"
version = "0.1.2"
source = { registry = "https://pypi.org/simple" }
sdist = { url = "https://files.pythonhosted.org/packages/d6/54/cfe61301667036ec958cb99bd3efefba235e65cdeb9c84d24a8293ba1d90/mdurl-0.1.2.tar.gz", hash = "sha256:bb413d29f5eea38f31dd4754dd7377d4465116fb207585f97bf925588687c1ba", size = 8729, upload-time = "2022-08-14T12:40:10.846Z" }
wheels = [
    { url = "https://files.pythonhosted.org/packages/b3/38/89ba8ad64ae25be8de66a6d463314cf1eb366222074cfda9ee839c56a4b4/mdurl-0.1.2-py3-none-any.whl", hash = "sha256:84008a41e51615a49fc9966191ff91509e3c40b939176e643fd50a5c2196b8f8", size = 9979, upload-time = "2022-08-14T12:40:09.779Z" },
]

[[package]]
name = "numba"
version = "0.62.1"
source = { registry = "https://pypi.org/simple" }
dependencies = [
    { name = "llvmlite" },
    { name = "numpy" },
]
sdist = { url = "https://files.pythonhosted.org/packages/a3/20/33dbdbfe60e5fd8e3dbfde299d106279a33d9f8308346022316781368591/numba-0.62.1.tar.gz", hash = "sha256:7b774242aa890e34c21200a1fc62e5b5757d5286267e71103257f4e2af0d5161", size = 2749817, upload-time = "2025-09-29T10:46:31.551Z" }
wheels = [
    { url = "https://files.pythonhosted.org/packages/22/76/501ea2c07c089ef1386868f33dff2978f43f51b854e34397b20fc55e0a58/numba-0.62.1-cp313-cp313-macosx_10_15_x86_64.whl", hash = "sha256:b72489ba8411cc9fdcaa2458d8f7677751e94f0109eeb53e5becfdc818c64afb", size = 2685766, upload-time = "2025-09-29T10:43:49.161Z" },
    { url = "https://files.pythonhosted.org/packages/80/68/444986ed95350c0611d5c7b46828411c222ce41a0c76707c36425d27ce29/numba-0.62.1-cp313-cp313-macosx_12_0_arm64.whl", hash = "sha256:44a1412095534a26fb5da2717bc755b57da5f3053965128fe3dc286652cc6a92", size = 2688741, upload-time = "2025-09-29T10:44:10.07Z" },
    { url = "https://files.pythonhosted.org/packages/78/7e/bf2e3634993d57f95305c7cee4c9c6cb3c9c78404ee7b49569a0dfecfe33/numba-0.62.1-cp313-cp313-manylinux2014_x86_64.manylinux_2_17_x86_64.whl", hash = "sha256:8c9460b9e936c5bd2f0570e20a0a5909ee6e8b694fd958b210e3bde3a6dba2d7", size = 3804576, upload-time = "2025-09-29T10:42:59.53Z" },
    { url = "https://files.pythonhosted.org/packages/e8/b6/8a1723fff71f63bbb1354bdc60a1513a068acc0f5322f58da6f022d20247/numba-0.62.1-cp313-cp313-manylinux_2_27_aarch64.manylinux_2_28_aarch64.whl", hash = "sha256:728f91a874192df22d74e3fd42c12900b7ce7190b1aad3574c6c61b08313e4c5", size = 3503367, upload-time = "2025-09-29T10:43:26.326Z" },
    { url = "https://files.pythonhosted.org/packages/9c/ec/9d414e7a80d6d1dc4af0e07c6bfe293ce0b04ea4d0ed6c45dad9bd6e72eb/numba-0.62.1-cp313-cp313-win_amd64.whl", hash = "sha256:bbf3f88b461514287df66bc8d0307e949b09f2b6f67da92265094e8fa1282dd8", size = 2745529, upload-time = "2025-09-29T10:44:31.738Z" },
]

[[package]]
name = "numpy"
version = "2.3.5"
source = { registry = "https://pypi.org/simple" }
sdist = { url = "https://files.pythonhosted.org/packages/76/65/21b3bc86aac7b8f2862db1e808f1ea22b028e30a225a34a5ede9bf8678f2/numpy-2.3.5.tar.gz", hash = "sha256:784db1dcdab56bf0517743e746dfb0f885fc68d948aba86eeec2cba234bdf1c0", size = 20584950, upload-time = "2025-11-16T22:52:42.067Z" }
wheels = [
    { url = "https://files.pythonhosted.org/packages/db/69/9cde09f36da4b5a505341180a3f2e6fadc352fd4d2b7096ce9778db83f1a/numpy-2.3.5-cp313-cp313-macosx_10_13_x86_64.whl", hash = "sha256:d0f23b44f57077c1ede8c5f26b30f706498b4862d3ff0a7298b8411dd2f043ff", size = 16728251, upload-time = "2025-11-16T22:50:19.013Z" },
    { url = "https://files.pythonhosted.org/packages/79/fb/f505c95ceddd7027347b067689db71ca80bd5ecc926f913f1a23e65cf09b/numpy-2.3.5-cp313-cp313-macosx_11_0_arm64.whl", hash = "sha256:aa5bc7c5d59d831d9773d1170acac7893ce3a5e130540605770ade83280e7188", size = 12254652, upload-time = "2025-11-16T22:50:21.487Z" },
    { url = "https://files.pythonhosted.org/packages/78/da/8c7738060ca9c31b30e9301ee0cf6c5ffdbf889d9593285a1cead337f9a5/numpy-2.3.5-cp313-cp313-macosx_14_0_arm64.whl", hash = "sha256:ccc933afd4d20aad3c00bcef049cb40049f7f196e0397f1109dba6fed63267b0", size = 5083172, upload-time = "2025-11-16T22:50:24.562Z" },
    { url = "https://files.pythonhosted.org/packages/a4/b4/ee5bb2537fb9430fd2ef30a616c3672b991a4129bb1c7dcc42aa0abbe5d7/numpy-2.3.5-cp313-cp313-macosx_14_0_x86_64.whl", hash = "sha256:afaffc4393205524af9dfa400fa250143a6c3bc646c08c9f5e25a9f4b4d6a903", size = 6622990, upload-time = "2025-11-16T22:50:26.47Z" },
    { url = "https://files.pythonhosted.org/packages/95/03/dc0723a013c7d7c19de5ef29e932c3081df1c14ba582b8b86b5de9db7f0f/numpy-2.3.5-cp313-cp313-manylinux_2_27_aarch64.manylinux_2_28_aarch64.whl", hash = "sha256:9c75442b2209b8470d6d5d8b1c25714270686f14c749028d2199c54e29f20b4d", size = 14248902, upload-time = "2025-11-16T22:50:28.861Z" },
    { url = "https://files.pythonhosted.org/packages/f5/10/ca162f45a102738958dcec8023062dad0cbc17d1ab99d68c4e4a6c45fb2b/numpy-2.3.5-cp313-cp313-manylinux_2_27_x86_64.manylinux_2_28_x86_64.whl", hash = "sha256:11e06aa0af8c0f05104d56450d6093ee639e15f24ecf62d417329d06e522e017", size = 16597430, upload-time = "2025-11-16T22:50:31.56Z" },
    { url = "https://files.pythonhosted.org/packages/2a/51/c1e29be863588db58175175f057286900b4b3327a1351e706d5e0f8dd679/numpy-2.3.5-cp313-cp313-musllinux_1_2_aarch64.whl", hash = "sha256:ed89927b86296067b4f81f108a2271d8926467a8868e554eaf370fc27fa3ccaf", size = 16024551, upload-time = "2025-11-16T22:50:34.242Z" },
    { url = "https://files.pythonhosted.org/packages/83/68/8236589d4dbb87253d28259d04d9b814ec0ecce7cb1c7fed29729f4c3a78/numpy-2.3.5-cp313-cp313-musllinux_1_2_x86_64.whl", hash = "sha256:51c55fe3451421f3a6ef9a9c1439e82101c57a2c9eab9feb196a62b1a10b58ce", size = 18533275, upload-time = "2025-11-16T22:50:37.651Z" },
    { url = "https://files.pythonhosted.org/packages/40/56/2932d75b6f13465239e3b7b7e511be27f1b8161ca2510854f0b6e521c395/numpy-2.3.5-cp313-cp313-win32.whl", hash = "sha256:1978155dd49972084bd6ef388d66ab70f0c323ddee6f693d539376498720fb7e", size = 6277637, upload-time = "2025-11-16T22:50:40.11Z" },
    { url = "https://files.pythonhosted.org/packages/0c/88/e2eaa6cffb115b85ed7c7c87775cb8bcf0816816bc98ca8dbfa2ee33fe6e/numpy-2.3.5-cp313-cp313-win_amd64.whl", hash = "sha256:00dc4e846108a382c5869e77c6ed514394bdeb3403461d25a829711041217d5b", size = 12779090, upload-time = "2025-11-16T22:50:42.503Z" },
    { url = "https://files.pythonhosted.org/packages/8f/88/3f41e13a44ebd4034ee17baa384acac29ba6a4fcc2aca95f6f08ca0447d1/numpy-2.3.5-cp313-cp313-win_arm64.whl", hash = "sha256:0472f11f6ec23a74a906a00b48a4dcf3849209696dff7c189714511268d103ae", size = 10194710, upload-time = "2025-11-16T22:50:44.971Z" },
    { url = "https://files.pythonhosted.org/packages/13/cb/71744144e13389d577f867f745b7df2d8489463654a918eea2eeb166dfc9/numpy-2.3.5-cp313-cp313t-macosx_10_13_x86_64.whl", hash = "sha256:414802f3b97f3c1eef41e530aaba3b3c1620649871d8cb38c6eaff034c2e16bd", size = 16827292, upload-time = "2025-11-16T22:50:47.715Z" },
    { url = "https://files.pythonhosted.org/packages/71/80/ba9dc6f2a4398e7f42b708a7fdc841bb638d353be255655498edbf9a15a8/numpy-2.3.5-cp313-cp313t-macosx_11_0_arm64.whl", hash = "sha256:5ee6609ac3604fa7780e30a03e5e241a7956f8e2fcfe547d51e3afa5247ac47f", size = 12378897, upload-time = "2025-11-16T22:50:51.327Z" },
    { url = "https://files.pythonhosted.org/packages/2e/6d/db2151b9f64264bcceccd51741aa39b50150de9b602d98ecfe7e0c4bff39/numpy-2.3.5-cp313-cp313t-macosx_14_0_arm64.whl", hash = "sha256:86d835afea1eaa143012a2d7a3f45a3adce2d7adc8b4961f0b362214d800846a", size = 5207391, upload-time = "2025-11-16T22:50:54.542Z" },
    { url = "https://files.pythonhosted.org/packages/80/ae/429bacace5ccad48a14c4ae5332f6aa8ab9f69524193511d60ccdfdc65fa/numpy-2.3.5-cp313-cp313t-macosx_14_0_x86_64.whl", hash = "sha256:30bc11310e8153ca664b14c5f1b73e94bd0503681fcf136a163de856f3a50139", size = 6721275, upload-time = "2025-11-16T22:50:56.794Z" },
    { url = "https://files.pythonhosted.org/packages/74/5b/1919abf32d8722646a38cd527bc3771eb229a32724ee6ba340ead9b92249/numpy-2.3.5-cp313-cp313t-manylinux_2_27_aarch64.manylinux_2_28_aarch64.whl", hash = "sha256:1062fde1dcf469571705945b0f221b73928f34a20c904ffb45db101907c3454e", size = 14306855, upload-time = "2025-11-16T22:50:59.208Z" },
    { url = "https://files.pythonhosted.org/packages/a5/87/6831980559434973bebc30cd9c1f21e541a0f2b0c280d43d3afd909b66d0/numpy-2.3.5-cp313-cp313t-manylinux_2_27_x86_64.manylinux_2_28_x86_64.whl", hash = "sha256:ce581db493ea1a96c0556360ede6607496e8bf9b3a8efa66e06477267bc831e9", size = 16657359, upload-time = "2025-11-16T22:51:01.991Z" },
    { url = "https://files.pythonhosted.org/packages/dd/91/c797f544491ee99fd00495f12ebb7802c440c1915811d72ac5b4479a3356/numpy-2.3.5-cp313-cp313t-musllinux_1_2_aarch64.whl", hash = "sha256:cc8920d2ec5fa99875b670bb86ddeb21e295cb07aa331810d9e486e0b969d946", size = 16093374, upload-time = "2025-11-16T22:51:05.291Z" },
    { url = "https://files.pythonhosted.org/packages/74/a6/54da03253afcbe7a72785ec4da9c69fb7a17710141ff9ac5fcb2e32dbe64/numpy-2.3.5-cp313-cp313t-musllinux_1_2_x86_64.whl", hash = "sha256:9ee2197ef8c4f0dfe405d835f3b6a14f5fee7782b5de51ba06fb65fc9b36e9f1", size = 18594587, upload-time = "2025-11-16T22:51:08.585Z" },
    { url = "https://files.pythonhosted.org/packages/80/e9/aff53abbdd41b0ecca94285f325aff42357c6b5abc482a3fcb4994290b18/numpy-2.3.5-cp313-cp313t-win32.whl", hash = "sha256:70b37199913c1bd300ff6e2693316c6f869c7ee16378faf10e4f5e3275b299c3", size = 6405940, upload-time = "2025-11-16T22:51:11.541Z" },
    { url = "https://files.pythonhosted.org/packages/d5/81/50613fec9d4de5480de18d4f8ef59ad7e344d497edbef3cfd80f24f98461/numpy-2.3.5-cp313-cp313t-win_amd64.whl", hash = "sha256:b501b5fa195cc9e24fe102f21ec0a44dffc231d2af79950b451e0d99cea02234", size = 12920341, upload-time = "2025-11-16T22:51:14.312Z" },
    { url = "https://files.pythonhosted.org/packages/bb/ab/08fd63b9a74303947f34f0bd7c5903b9c5532c2d287bead5bdf4c556c486/numpy-2.3.5-cp313-cp313t-win_arm64.whl", hash = "sha256:a80afd79f45f3c4a7d341f13acbe058d1ca8ac017c165d3fa0d3de6bc1a079d7", size = 10262507, upload-time = "2025-11-16T22:51:16.846Z" },
]

[[package]]
name = "packaging"
version = "25.0"
source = { registry = "https://pypi.org/simple" }
sdist = { url = "https://files.pythonhosted.org/packages/a1/d4/1fc4078c65507b51b96ca8f8c3ba19e6a61c8253c72794544580a7b6c24d/packaging-25.0.tar.gz", hash = "sha256:d443872c98d677bf60f6a1f2f8c1cb748e8fe762d2bf9d3148b5599295b0fc4f", size = 165727, upload-time = "2025-04-19T11:48:59.673Z" }
wheels = [
    { url = "https://files.pythonhosted.org/packages/20/12/38679034af332785aac8774540895e234f4d07f7545804097de4b666afd8/packaging-25.0-py3-none-any.whl", hash = "sha256:29572ef2b1f17581046b3a2227d5c611fb25ec70ca1ba8554b24b0e69331a484", size = 66469, upload-time = "2025-04-19T11:48:57.875Z" },
]

[[package]]
name = "pluggy"
version = "1.6.0"
source = { registry = "https://pypi.org/simple" }
sdist = { url = "https://files.pythonhosted.org/packages/f9/e2/3e91f31a7d2b083fe6ef3fa267035b518369d9511ffab804f839851d2779/pluggy-1.6.0.tar.gz", hash = "sha256:7dcc130b76258d33b90f61b658791dede3486c3e6bfb003ee5c9bfb396dd22f3", size = 69412, upload-time = "2025-05-15T12:30:07.975Z" }
wheels = [
    { url = "https://files.pythonhosted.org/packages/54/20/4d324d65cc6d9205fabedc306948156824eb9f0ee1633355a8f7ec5c66bf/pluggy-1.6.0-py3-none-any.whl", hash = "sha256:e920276dd6813095e9377c0bc5566d94c932c33b27a3e3945d8389c374dd4746", size = 20538, upload-time = "2025-05-15T12:30:06.134Z" },
]

[[package]]
name = "pygments"
version = "2.19.2"
source = { registry = "https://pypi.org/simple" }
sdist = { url = "https://files.pythonhosted.org/packages/b0/77/a5b8c569bf593b0140bde72ea885a803b82086995367bf2037de0159d924/pygments-2.19.2.tar.gz", hash = "sha256:636cb2477cec7f8952536970bc533bc43743542f70392ae026374600add5b887", size = 4968631, upload-time = "2025-06-21T13:39:12.283Z" }
wheels = [
    { url = "https://files.pythonhosted.org/packages/c7/21/705964c7812476f378728bdf590ca4b771ec72385c533964653c68e86bdc/pygments-2.19.2-py3-none-any.whl", hash = "sha256:86540386c03d588bb81d44bc3928634ff26449851e99741617ecb9037ee5ec0b", size = 1225217, upload-time = "2025-06-21T13:39:07.939Z" },
]

[[package]]
name = "pytest"
version = "9.0.1"
source = { registry = "https://pypi.org/simple" }
dependencies = [
    { name = "colorama", marker = "sys_platform == 'win32'" },
    { name = "iniconfig" },
    { name = "packaging" },
    { name = "pluggy" },
    { name = "pygments" },
]
sdist = { url = "https://files.pythonhosted.org/packages/07/56/f013048ac4bc4c1d9be45afd4ab209ea62822fb1598f40687e6bf45dcea4/pytest-9.0.1.tar.gz", hash = "sha256:3e9c069ea73583e255c3b21cf46b8d3c56f6e3a1a8f6da94ccb0fcf57b9d73c8", size = 1564125, upload-time = "2025-11-12T13:05:09.333Z" }
wheels = [
    { url = "https://files.pythonhosted.org/packages/0b/8b/6300fb80f858cda1c51ffa17075df5d846757081d11ab4aa35cef9e6258b/pytest-9.0.1-py3-none-any.whl", hash = "sha256:67be0030d194df2dfa7b556f2e56fb3c3315bd5c8822c6951162b92b32ce7dad", size = 373668, upload-time = "2025-11-12T13:05:07.379Z" },
]

[[package]]
name = "pytest-cov"
version = "7.0.0"
source = { registry = "https://pypi.org/simple" }
dependencies = [
    { name = "coverage" },
    { name = "pluggy" },
    { name = "pytest" },
]
sdist = { url = "https://files.pythonhosted.org/packages/5e/f7/c933acc76f5208b3b00089573cf6a2bc26dc80a8aece8f52bb7d6b1855ca/pytest_cov-7.0.0.tar.gz", hash = "sha256:33c97eda2e049a0c5298e91f519302a1334c26ac65c1a483d6206fd458361af1", size = 54328, upload-time = "2025-09-09T10:57:02.113Z" }
wheels = [
    { url = "https://files.pythonhosted.org/packages/ee/49/1377b49de7d0c1ce41292161ea0f721913fa8722c19fb9c1e3aa0367eecb/pytest_cov-7.0.0-py3-none-any.whl", hash = "sha256:3b8e9558b16cc1479da72058bdecf8073661c7f57f7d3c5f22a1c23507f2d861", size = 22424, upload-time = "2025-09-09T10:57:00.695Z" },
]

[[package]]
name = "rich"
version = "14.2.0"
source = { registry = "https://pypi.org/simple" }
dependencies = [
    { name = "markdown-it-py" },
    { name = "pygments" },
]
sdist = { url = "https://files.pythonhosted.org/packages/fb/d2/8920e102050a0de7bfabeb4c4614a49248cf8d5d7a8d01885fbb24dc767a/rich-14.2.0.tar.gz", hash = "sha256:73ff50c7c0c1c77c8243079283f4edb376f0f6442433aecb8ce7e6d0b92d1fe4", size = 219990, upload-time = "2025-10-09T14:16:53.064Z" }
wheels = [
    { url = "https://files.pythonhosted.org/packages/25/7a/b0178788f8dc6cafce37a212c99565fa1fe7872c70c6c9c1e1a372d9d88f/rich-14.2.0-py3-none-any.whl", hash = "sha256:76bc51fe2e57d2b1be1f96c524b890b816e334ab4c1e45888799bfaab0021edd", size = 243393, upload-time = "2025-10-09T14:16:51.245Z" },
]

[[package]]
name = "sd-numba"
version = "0.1.0"
source = { editable = "." }
dependencies = [
    { name = "bottleneck" },
    { name = "numba" },
    { name = "numpy" },
    { name = "rich" },
]

[package.optional-dependencies]
test = [
    { name = "pytest" },
    { name = "pytest-cov" },
]

[package.metadata]
requires-dist = [
    { name = "bottleneck", specifier = ">=1.6.0" },
    { name = "numba", specifier = ">=0.62.1" },
    { name = "numpy", specifier = ">=2.3.5" },
    { name = "pytest", marker = "extra == 'test'", specifier = ">=8.3.4" },
    { name = "pytest-cov", marker = "extra == 'test'", specifier = ">=6.0.0" },
    { name = "rich", specifier = ">=14.2.0" },
]
provides-extras = ["test"]
